// !$*UTF8*$!
{
	archiveVersion = 1;
	classes = {
	};
	objectVersion = 50;
	objects = {

/* Begin PBXBuildFile section */
		040FA40424BD7C8000E82EE2 /* AppDelegate.swift in Sources */ = {isa = PBXBuildFile; fileRef = 040FA40324BD7C8000E82EE2 /* AppDelegate.swift */; };
		040FA40824BD7C8000E82EE2 /* ViewController.swift in Sources */ = {isa = PBXBuildFile; fileRef = 040FA40724BD7C8000E82EE2 /* ViewController.swift */; };
		040FA40B24BD7C8000E82EE2 /* Main.storyboard in Resources */ = {isa = PBXBuildFile; fileRef = 040FA40924BD7C8000E82EE2 /* Main.storyboard */; };
		040FA40D24BD7C8300E82EE2 /* Assets.xcassets in Resources */ = {isa = PBXBuildFile; fileRef = 040FA40C24BD7C8300E82EE2 /* Assets.xcassets */; };
		040FA41024BD7C8300E82EE2 /* LaunchScreen.storyboard in Resources */ = {isa = PBXBuildFile; fileRef = 040FA40E24BD7C8300E82EE2 /* LaunchScreen.storyboard */; };
		040FA41B24BD7C8300E82EE2 /* KpopRankTests.swift in Sources */ = {isa = PBXBuildFile; fileRef = 040FA41A24BD7C8300E82EE2 /* KpopRankTests.swift */; };
		040FA42624BD7CBF00E82EE2 /* GoogleService-Info.plist in Resources */ = {isa = PBXBuildFile; fileRef = 040FA42524BD7CBF00E82EE2 /* GoogleService-Info.plist */; };
/* End PBXBuildFile section */

/* Begin PBXContainerItemProxy section */
		040FA41724BD7C8300E82EE2 /* PBXContainerItemProxy */ = {
			isa = PBXContainerItemProxy;
			containerPortal = 040FA3F824BD7C8000E82EE2 /* Project object */;
			proxyType = 1;
			remoteGlobalIDString = 040FA3FF24BD7C8000E82EE2;
			remoteInfo = KpopRank;
		};
/* End PBXContainerItemProxy section */

/* Begin PBXFileReference section */
		040FA40024BD7C8000E82EE2 /* KpopRank.app */ = {isa = PBXFileReference; explicitFileType = wrapper.application; includeInIndex = 0; path = KpopRank.app; sourceTree = BUILT_PRODUCTS_DIR; };
		040FA40324BD7C8000E82EE2 /* AppDelegate.swift */ = {isa = PBXFileReference; lastKnownFileType = sourcecode.swift; path = AppDelegate.swift; sourceTree = "<group>"; };
		040FA40724BD7C8000E82EE2 /* ViewController.swift */ = {isa = PBXFileReference; lastKnownFileType = sourcecode.swift; path = ViewController.swift; sourceTree = "<group>"; };
		040FA40A24BD7C8000E82EE2 /* Base */ = {isa = PBXFileReference; lastKnownFileType = file.storyboard; name = Base; path = Base.lproj/Main.storyboard; sourceTree = "<group>"; };
		040FA40C24BD7C8300E82EE2 /* Assets.xcassets */ = {isa = PBXFileReference; lastKnownFileType = folder.assetcatalog; path = Assets.xcassets; sourceTree = "<group>"; };
		040FA40F24BD7C8300E82EE2 /* Base */ = {isa = PBXFileReference; lastKnownFileType = file.storyboard; name = Base; path = Base.lproj/LaunchScreen.storyboard; sourceTree = "<group>"; };
		040FA41124BD7C8300E82EE2 /* Info.plist */ = {isa = PBXFileReference; lastKnownFileType = text.plist.xml; path = Info.plist; sourceTree = "<group>"; };
		040FA41624BD7C8300E82EE2 /* KpopRankTests.xctest */ = {isa = PBXFileReference; explicitFileType = wrapper.cfbundle; includeInIndex = 0; path = KpopRankTests.xctest; sourceTree = BUILT_PRODUCTS_DIR; };
		040FA41A24BD7C8300E82EE2 /* KpopRankTests.swift */ = {isa = PBXFileReference; lastKnownFileType = sourcecode.swift; path = KpopRankTests.swift; sourceTree = "<group>"; };
		040FA41C24BD7C8300E82EE2 /* Info.plist */ = {isa = PBXFileReference; lastKnownFileType = text.plist.xml; path = Info.plist; sourceTree = "<group>"; };
		040FA42524BD7CBF00E82EE2 /* GoogleService-Info.plist */ = {isa = PBXFileReference; fileEncoding = 4; lastKnownFileType = text.plist.xml; name = "GoogleService-Info.plist"; path = "../../Downloads/GoogleService-Info.plist"; sourceTree = "<group>"; };
/* End PBXFileReference section */

/* Begin PBXFrameworksBuildPhase section */
		040FA3FD24BD7C8000E82EE2 /* Frameworks */ = {
			isa = PBXFrameworksBuildPhase;
			buildActionMask = 2147483647;
			files = (
			);
			runOnlyForDeploymentPostprocessing = 0;
		};
		040FA41324BD7C8300E82EE2 /* Frameworks */ = {
			isa = PBXFrameworksBuildPhase;
			buildActionMask = 2147483647;
			files = (
			);
			runOnlyForDeploymentPostprocessing = 0;
		};
/* End PBXFrameworksBuildPhase section */

/* Begin PBXGroup section */
		040FA3F724BD7C8000E82EE2 = {
			isa = PBXGroup;
			children = (
				040FA42524BD7CBF00E82EE2 /* GoogleService-Info.plist */,
				040FA40224BD7C8000E82EE2 /* KpopRank */,
				040FA41924BD7C8300E82EE2 /* KpopRankTests */,
				040FA40124BD7C8000E82EE2 /* Products */,
			);
			sourceTree = "<group>";
		};
		040FA40124BD7C8000E82EE2 /* Products */ = {
			isa = PBXGroup;
			children = (
				040FA40024BD7C8000E82EE2 /* KpopRank.app */,
				040FA41624BD7C8300E82EE2 /* KpopRankTests.xctest */,
			);
			name = Products;
			sourceTree = "<group>";
		};
		040FA40224BD7C8000E82EE2 /* KpopRank */ = {
			isa = PBXGroup;
			children = (
				040FA40324BD7C8000E82EE2 /* AppDelegate.swift */,
				040FA40724BD7C8000E82EE2 /* ViewController.swift */,
				040FA40924BD7C8000E82EE2 /* Main.storyboard */,
				040FA40C24BD7C8300E82EE2 /* Assets.xcassets */,
				040FA40E24BD7C8300E82EE2 /* LaunchScreen.storyboard */,
				040FA41124BD7C8300E82EE2 /* Info.plist */,
			);
			path = KpopRank;
			sourceTree = "<group>";
		};
		040FA41924BD7C8300E82EE2 /* KpopRankTests */ = {
			isa = PBXGroup;
			children = (
				040FA41A24BD7C8300E82EE2 /* KpopRankTests.swift */,
				040FA41C24BD7C8300E82EE2 /* Info.plist */,
			);
			path = KpopRankTests;
			sourceTree = "<group>";
		};
/* End PBXGroup section */

/* Begin PBXNativeTarget section */
		040FA3FF24BD7C8000E82EE2 /* KpopRank */ = {
			isa = PBXNativeTarget;
			buildConfigurationList = 040FA41F24BD7C8300E82EE2 /* Build configuration list for PBXNativeTarget "KpopRank" */;
			buildPhases = (
				040FA3FC24BD7C8000E82EE2 /* Sources */,
				040FA3FD24BD7C8000E82EE2 /* Frameworks */,
				040FA3FE24BD7C8000E82EE2 /* Resources */,
			);
			buildRules = (
			);
			dependencies = (
			);
			name = KpopRank;
			productName = KpopRank;
			productReference = 040FA40024BD7C8000E82EE2 /* KpopRank.app */;
			productType = "com.apple.product-type.application";
		};
		040FA41524BD7C8300E82EE2 /* KpopRankTests */ = {
			isa = PBXNativeTarget;
			buildConfigurationList = 040FA42224BD7C8300E82EE2 /* Build configuration list for PBXNativeTarget "KpopRankTests" */;
			buildPhases = (
				040FA41224BD7C8300E82EE2 /* Sources */,
				040FA41324BD7C8300E82EE2 /* Frameworks */,
				040FA41424BD7C8300E82EE2 /* Resources */,
			);
			buildRules = (
			);
			dependencies = (
				040FA41824BD7C8300E82EE2 /* PBXTargetDependency */,
			);
			name = KpopRankTests;
			productName = KpopRankTests;
			productReference = 040FA41624BD7C8300E82EE2 /* KpopRankTests.xctest */;
			productType = "com.apple.product-type.bundle.unit-test";
		};
/* End PBXNativeTarget section */

/* Begin PBXProject section */
		040FA3F824BD7C8000E82EE2 /* Project object */ = {
			isa = PBXProject;
			attributes = {
				LastSwiftUpdateCheck = 1150;
				LastUpgradeCheck = 1150;
				ORGANIZATIONNAME = Mac;
				TargetAttributes = {
					040FA3FF24BD7C8000E82EE2 = {
						CreatedOnToolsVersion = 11.5;
					};
					040FA41524BD7C8300E82EE2 = {
						CreatedOnToolsVersion = 11.5;
						TestTargetID = 040FA3FF24BD7C8000E82EE2;
					};
				};
			};
			buildConfigurationList = 040FA3FB24BD7C8000E82EE2 /* Build configuration list for PBXProject "KpopRank" */;
			compatibilityVersion = "Xcode 9.3";
			developmentRegion = en;
			hasScannedForEncodings = 0;
			knownRegions = (
				en,
				Base,
			);
			mainGroup = 040FA3F724BD7C8000E82EE2;
			productRefGroup = 040FA40124BD7C8000E82EE2 /* Products */;
			projectDirPath = "";
			projectRoot = "";
			targets = (
				040FA3FF24BD7C8000E82EE2 /* KpopRank */,
				040FA41524BD7C8300E82EE2 /* KpopRankTests */,
			);
		};
/* End PBXProject section */

/* Begin PBXResourcesBuildPhase section */
		040FA3FE24BD7C8000E82EE2 /* Resources */ = {
			isa = PBXResourcesBuildPhase;
			buildActionMask = 2147483647;
			files = (
				040FA41024BD7C8300E82EE2 /* LaunchScreen.storyboard in Resources */,
				040FA42624BD7CBF00E82EE2 /* GoogleService-Info.plist in Resources */,
				040FA40D24BD7C8300E82EE2 /* Assets.xcassets in Resources */,
				040FA40B24BD7C8000E82EE2 /* Main.storyboard in Resources */,
			);
			runOnlyForDeploymentPostprocessing = 0;
		};
		040FA41424BD7C8300E82EE2 /* Resources */ = {
			isa = PBXResourcesBuildPhase;
			buildActionMask = 2147483647;
			files = (
			);
			runOnlyForDeploymentPostprocessing = 0;
		};
/* End PBXResourcesBuildPhase section */

/* Begin PBXSourcesBuildPhase section */
		040FA3FC24BD7C8000E82EE2 /* Sources */ = {
			isa = PBXSourcesBuildPhase;
			buildActionMask = 2147483647;
			files = (
				040FA40824BD7C8000E82EE2 /* ViewController.swift in Sources */,
				040FA40424BD7C8000E82EE2 /* AppDelegate.swift in Sources */,
			);
			runOnlyForDeploymentPostprocessing = 0;
		};
		040FA41224BD7C8300E82EE2 /* Sources */ = {
			isa = PBXSourcesBuildPhase;
			buildActionMask = 2147483647;
			files = (
				040FA41B24BD7C8300E82EE2 /* KpopRankTests.swift in Sources */,
			);
			runOnlyForDeploymentPostprocessing = 0;
		};
/* End PBXSourcesBuildPhase section */

/* Begin PBXTargetDependency section */
		040FA41824BD7C8300E82EE2 /* PBXTargetDependency */ = {
			isa = PBXTargetDependency;
			target = 040FA3FF24BD7C8000E82EE2 /* KpopRank */;
			targetProxy = 040FA41724BD7C8300E82EE2 /* PBXContainerItemProxy */;
		};
/* End PBXTargetDependency section */

/* Begin PBXVariantGroup section */
		040FA40924BD7C8000E82EE2 /* Main.storyboard */ = {
			isa = PBXVariantGroup;
			children = (
				040FA40A24BD7C8000E82EE2 /* Base */,
			);
			name = Main.storyboard;
			sourceTree = "<group>";
		};
		040FA40E24BD7C8300E82EE2 /* LaunchScreen.storyboard */ = {
			isa = PBXVariantGroup;
			children = (
				040FA40F24BD7C8300E82EE2 /* Base */,
			);
			name = LaunchScreen.storyboard;
			sourceTree = "<group>";
		};
/* End PBXVariantGroup section */

/* Begin XCBuildConfiguration section */
		040FA41D24BD7C8300E82EE2 /* Debug */ = {
			isa = XCBuildConfiguration;
			buildSettings = {
				ALWAYS_SEARCH_USER_PATHS = NO;
				CLANG_ANALYZER_NONNULL = YES;
				CLANG_ANALYZER_NUMBER_OBJECT_CONVERSION = YES_AGGRESSIVE;
				CLANG_CXX_LANGUAGE_STANDARD = "gnu++14";
				CLANG_CXX_LIBRARY = "libc++";
				CLANG_ENABLE_MODULES = YES;
				CLANG_ENABLE_OBJC_ARC = YES;
				CLANG_ENABLE_OBJC_WEAK = YES;
				CLANG_WARN_BLOCK_CAPTURE_AUTORELEASING = YES;
				CLANG_WARN_BOOL_CONVERSION = YES;
				CLANG_WARN_COMMA = YES;
				CLANG_WARN_CONSTANT_CONVERSION = YES;
				CLANG_WARN_DEPRECATED_OBJC_IMPLEMENTATIONS = YES;
				CLANG_WARN_DIRECT_OBJC_ISA_USAGE = YES_ERROR;
				CLANG_WARN_DOCUMENTATION_COMMENTS = YES;
				CLANG_WARN_EMPTY_BODY = YES;
				CLANG_WARN_ENUM_CONVERSION = YES;
				CLANG_WARN_INFINITE_RECURSION = YES;
				CLANG_WARN_INT_CONVERSION = YES;
				CLANG_WARN_NON_LITERAL_NULL_CONVERSION = YES;
				CLANG_WARN_OBJC_IMPLICIT_RETAIN_SELF = YES;
				CLANG_WARN_OBJC_LITERAL_CONVERSION = YES;
				CLANG_WARN_OBJC_ROOT_CLASS = YES_ERROR;
				CLANG_WARN_RANGE_LOOP_ANALYSIS = YES;
				CLANG_WARN_STRICT_PROTOTYPES = YES;
				CLANG_WARN_SUSPICIOUS_MOVE = YES;
				CLANG_WARN_UNGUARDED_AVAILABILITY = YES_AGGRESSIVE;
				CLANG_WARN_UNREACHABLE_CODE = YES;
				CLANG_WARN__DUPLICATE_METHOD_MATCH = YES;
				COPY_PHASE_STRIP = NO;
				DEBUG_INFORMATION_FORMAT = dwarf;
				ENABLE_STRICT_OBJC_MSGSEND = YES;
				ENABLE_TESTABILITY = YES;
				GCC_C_LANGUAGE_STANDARD = gnu11;
				GCC_DYNAMIC_NO_PIC = NO;
				GCC_NO_COMMON_BLOCKS = YES;
				GCC_OPTIMIZATION_LEVEL = 0;
				GCC_PREPROCESSOR_DEFINITIONS = (
					"DEBUG=1",
					"$(inherited)",
				);
				GCC_WARN_64_TO_32_BIT_CONVERSION = YES;
				GCC_WARN_ABOUT_RETURN_TYPE = YES_ERROR;
				GCC_WARN_UNDECLARED_SELECTOR = YES;
				GCC_WARN_UNINITIALIZED_AUTOS = YES_AGGRESSIVE;
				GCC_WARN_UNUSED_FUNCTION = YES;
				GCC_WARN_UNUSED_VARIABLE = YES;
				IPHONEOS_DEPLOYMENT_TARGET = 13.5;
				MTL_ENABLE_DEBUG_INFO = INCLUDE_SOURCE;
				MTL_FAST_MATH = YES;
				ONLY_ACTIVE_ARCH = YES;
				SDKROOT = iphoneos;
				SWIFT_ACTIVE_COMPILATION_CONDITIONS = DEBUG;
				SWIFT_OPTIMIZATION_LEVEL = "-Onone";
			};
			name = Debug;
		};
		040FA41E24BD7C8300E82EE2 /* Release */ = {
			isa = XCBuildConfiguration;
			buildSettings = {
				ALWAYS_SEARCH_USER_PATHS = NO;
				CLANG_ANALYZER_NONNULL = YES;
				CLANG_ANALYZER_NUMBER_OBJECT_CONVERSION = YES_AGGRESSIVE;
				CLANG_CXX_LANGUAGE_STANDARD = "gnu++14";
				CLANG_CXX_LIBRARY = "libc++";
				CLANG_ENABLE_MODULES = YES;
				CLANG_ENABLE_OBJC_ARC = YES;
				CLANG_ENABLE_OBJC_WEAK = YES;
				CLANG_WARN_BLOCK_CAPTURE_AUTORELEASING = YES;
				CLANG_WARN_BOOL_CONVERSION = YES;
				CLANG_WARN_COMMA = YES;
				CLANG_WARN_CONSTANT_CONVERSION = YES;
				CLANG_WARN_DEPRECATED_OBJC_IMPLEMENTATIONS = YES;
				CLANG_WARN_DIRECT_OBJC_ISA_USAGE = YES_ERROR;
				CLANG_WARN_DOCUMENTATION_COMMENTS = YES;
				CLANG_WARN_EMPTY_BODY = YES;
				CLANG_WARN_ENUM_CONVERSION = YES;
				CLANG_WARN_INFINITE_RECURSION = YES;
				CLANG_WARN_INT_CONVERSION = YES;
				CLANG_WARN_NON_LITERAL_NULL_CONVERSION = YES;
				CLANG_WARN_OBJC_IMPLICIT_RETAIN_SELF = YES;
				CLANG_WARN_OBJC_LITERAL_CONVERSION = YES;
				CLANG_WARN_OBJC_ROOT_CLASS = YES_ERROR;
				CLANG_WARN_RANGE_LOOP_ANALYSIS = YES;
				CLANG_WARN_STRICT_PROTOTYPES = YES;
				CLANG_WARN_SUSPICIOUS_MOVE = YES;
				CLANG_WARN_UNGUARDED_AVAILABILITY = YES_AGGRESSIVE;
				CLANG_WARN_UNREACHABLE_CODE = YES;
				CLANG_WARN__DUPLICATE_METHOD_MATCH = YES;
				COPY_PHASE_STRIP = NO;
				DEBUG_INFORMATION_FORMAT = "dwarf-with-dsym";
				ENABLE_NS_ASSERTIONS = NO;
				ENABLE_STRICT_OBJC_MSGSEND = YES;
				GCC_C_LANGUAGE_STANDARD = gnu11;
				GCC_NO_COMMON_BLOCKS = YES;
				GCC_WARN_64_TO_32_BIT_CONVERSION = YES;
				GCC_WARN_ABOUT_RETURN_TYPE = YES_ERROR;
				GCC_WARN_UNDECLARED_SELECTOR = YES;
				GCC_WARN_UNINITIALIZED_AUTOS = YES_AGGRESSIVE;
				GCC_WARN_UNUSED_FUNCTION = YES;
				GCC_WARN_UNUSED_VARIABLE = YES;
				IPHONEOS_DEPLOYMENT_TARGET = 13.5;
				MTL_ENABLE_DEBUG_INFO = NO;
				MTL_FAST_MATH = YES;
				SDKROOT = iphoneos;
				SWIFT_COMPILATION_MODE = wholemodule;
				SWIFT_OPTIMIZATION_LEVEL = "-O";
				VALIDATE_PRODUCT = YES;
			};
			name = Release;
		};
		040FA42024BD7C8300E82EE2 /* Debug */ = {
			isa = XCBuildConfiguration;
			buildSettings = {
				ASSETCATALOG_COMPILER_APPICON_NAME = AppIcon;
				CODE_SIGN_STYLE = Automatic;
				DEVELOPMENT_TEAM = KQS5CL5P74;
				INFOPLIST_FILE = KpopRank/Info.plist;
				IPHONEOS_DEPLOYMENT_TARGET = 12.0;
				LD_RUNPATH_SEARCH_PATHS = (
					"$(inherited)",
					"@executable_path/Frameworks",
				);
				PRODUCT_BUNDLE_IDENTIFIER = com.studiofirstzero.kpopmusicrank;
				PRODUCT_NAME = "$(TARGET_NAME)";
				SWIFT_VERSION = 5.0;
				TARGETED_DEVICE_FAMILY = "1,2";
			};
			name = Debug;
		};
		040FA42124BD7C8300E82EE2 /* Release */ = {
			isa = XCBuildConfiguration;
			buildSettings = {
				ASSETCATALOG_COMPILER_APPICON_NAME = AppIcon;
				CODE_SIGN_STYLE = Automatic;
				DEVELOPMENT_TEAM = KQS5CL5P74;
				INFOPLIST_FILE = KpopRank/Info.plist;
				IPHONEOS_DEPLOYMENT_TARGET = 12.0;
				LD_RUNPATH_SEARCH_PATHS = (
					"$(inherited)",
					"@executable_path/Frameworks",
				);
				PRODUCT_BUNDLE_IDENTIFIER = com.studiofirstzero.kpopmusicrank;
				PRODUCT_NAME = "$(TARGET_NAME)";
				SWIFT_VERSION = 5.0;
				TARGETED_DEVICE_FAMILY = "1,2";
			};
			name = Release;
		};
		040FA42324BD7C8300E82EE2 /* Debug */ = {
			isa = XCBuildConfiguration;
			buildSettings = {
				ALWAYS_EMBED_SWIFT_STANDARD_LIBRARIES = YES;
				BUNDLE_LOADER = "$(TEST_HOST)";
				CODE_SIGN_STYLE = Automatic;
				DEVELOPMENT_TEAM = KQS5CL5P74;
				INFOPLIST_FILE = KpopRankTests/Info.plist;
				IPHONEOS_DEPLOYMENT_TARGET = 13.5;
				LD_RUNPATH_SEARCH_PATHS = (
					"$(inherited)",
					"@executable_path/Frameworks",
					"@loader_path/Frameworks",
				);
				PRODUCT_BUNDLE_IDENTIFIER = com.studiofirstzero.KpopRankTests;
				PRODUCT_NAME = "$(TARGET_NAME)";
				SWIFT_VERSION = 5.0;
				TARGETED_DEVICE_FAMILY = "1,2";
				TEST_HOST = "$(BUILT_PRODUCTS_DIR)/KpopRank.app/KpopRank";
			};
			name = Debug;
		};
		040FA42424BD7C8300E82EE2 /* Release */ = {
			isa = XCBuildConfiguration;
			buildSettings = {
				ALWAYS_EMBED_SWIFT_STANDARD_LIBRARIES = YES;
				BUNDLE_LOADER = "$(TEST_HOST)";
				CODE_SIGN_STYLE = Automatic;
				DEVELOPMENT_TEAM = KQS5CL5P74;
				INFOPLIST_FILE = KpopRankTests/Info.plist;
				IPHONEOS_DEPLOYMENT_TARGET = 13.5;
				LD_RUNPATH_SEARCH_PATHS = (
					"$(inherited)",
					"@executable_path/Frameworks",
					"@loader_path/Frameworks",
				);
				PRODUCT_BUNDLE_IDENTIFIER = com.studiofirstzero.KpopRankTests;
				PRODUCT_NAME = "$(TARGET_NAME)";
				SWIFT_VERSION = 5.0;
				TARGETED_DEVICE_FAMILY = "1,2";
				TEST_HOST = "$(BUILT_PRODUCTS_DIR)/KpopRank.app/KpopRank";
			};
			name = Release;
		};
/* End XCBuildConfiguration section */

/* Begin XCConfigurationList section */
		040FA3FB24BD7C8000E82EE2 /* Build configuration list for PBXProject "KpopRank" */ = {
			isa = XCConfigurationList;
			buildConfigurations = (
				040FA41D24BD7C8300E82EE2 /* Debug */,
				040FA41E24BD7C8300E82EE2 /* Release */,
			);
			defaultConfigurationIsVisible = 0;
			defaultConfigurationName = Release;
		};
		040FA41F24BD7C8300E82EE2 /* Build configuration list for PBXNativeTarget "KpopRank" */ = {
			isa = XCConfigurationList;
			buildConfigurations = (
				040FA42024BD7C8300E82EE2 /* Debug */,
				040FA42124BD7C8300E82EE2 /* Release */,
			);
			defaultConfigurationIsVisible = 0;
			defaultConfigurationName = Release;
		};
		040FA42224BD7C8300E82EE2 /* Build configuration list for PBXNativeTarget "KpopRankTests" */ = {
			isa = XCConfigurationList;
			buildConfigurations = (
				040FA42324BD7C8300E82EE2 /* Debug */,
				040FA42424BD7C8300E82EE2 /* Release */,
			);
			defaultConfigurationIsVisible = 0;
			defaultConfigurationName = Release;
		};
/* End XCConfigurationList section */
	};
	rootObject = 040FA3F824BD7C8000E82EE2 /* Project object */;
}
